
Microsoft Visual Studio Solution File, Format Version 12.00
# Visual Studio Version 17
VisualStudioVersion = 17.4.33122.133
MinimumVisualStudioVersion = 10.0.40219.1
Project("{9A19103F-16F7-4668-BE54-9A1E7A4F7556}") = "cnag", "cnag.csproj", "{16F218EB-5DE5-4878-B995-69B861CBB326}"
EndProject
Global
	GlobalSection(SolutionConfigurationPlatforms) = preSolution
		Debug|Any CPU = Debug|Any CPU
		Release|Any CPU = Release|Any CPU
	EndGlobalSection
	GlobalSection(ProjectConfigurationPlatforms) = postSolution
		{16F218EB-5DE5-4878-B995-69B861CBB326}.Debug|Any CPU.ActiveCfg = Debug|Any CPU
		{16F218EB-5DE5-4878-B995-69B861CBB326}.Debug|Any CPU.Build.0 = Debug|Any CPU
		{16F218EB-5DE5-4878-B995-69B861CBB326}.Release|Any CPU.ActiveCfg = Release|Any CPU
		{16F218EB-5DE5-4878-B995-69B861CBB326}.Release|Any CPU.Build.0 = Release|Any CPU
	EndGlobalSection
	GlobalSection(SolutionProperties) = preSolution
		HideSolutionNode = FALSE
	EndGlobalSection
	GlobalSection(ExtensibilityGlobals) = postSolution
		SolutionGuid = {073BF3F9-D900-40E1-B2F8-F9F65105CF80}
	EndGlobalSection
EndGlobal
